
Microsoft Visual Studio Solution File, Format Version 12.00
# Visual Studio Version 17
VisualStudioVersion = 17.5.33516.290
MinimumVisualStudioVersion = 10.0.40219.1
Project("{FAE04EC0-301F-11D3-BF4B-00C04F79EFBC}") = "253504_Frolenko_Lab2", "253504_Frolenko_Lab2\253504_Frolenko_Lab2.csproj", "{65DFD4D1-CA40-46B7-A1B5-512DD1D9CD80}"
EndProject
Global
	GlobalSection(SolutionConfigurationPlatforms) = preSolution
		Debug|Any CPU = Debug|Any CPU
		Release|Any CPU = Release|Any CPU
	EndGlobalSection
	GlobalSection(ProjectConfigurationPlatforms) = postSolution
		{65DFD4D1-CA40-46B7-A1B5-512DD1D9CD80}.Debug|Any CPU.ActiveCfg = Debug|Any CPU
		{65DFD4D1-CA40-46B7-A1B5-512DD1D9CD80}.Debug|Any CPU.Build.0 = Debug|Any CPU
		{65DFD4D1-CA40-46B7-A1B5-512DD1D9CD80}.Release|Any CPU.ActiveCfg = Release|Any CPU
		{65DFD4D1-CA40-46B7-A1B5-512DD1D9CD80}.Release|Any CPU.Build.0 = Release|Any CPU
	EndGlobalSection
	GlobalSection(SolutionProperties) = preSolution
		HideSolutionNode = FALSE
	EndGlobalSection
	GlobalSection(ExtensibilityGlobals) = postSolution
		SolutionGuid = {F66236F4-54E4-434A-B705-71DB9C31E5EA}
	EndGlobalSection
EndGlobal
